// !$*UTF8*$!
{
	archiveVersion = 1;
	classes = {
	};
	objectVersion = 50;
	objects = {

/* Begin PBXBuildFile section */
		F766CDD024D058A400C0A7EB /* AppDelegate.swift in Sources */ = {isa = PBXBuildFile; fileRef = F766CDCF24D058A400C0A7EB /* AppDelegate.swift */; };
		F766CDD224D058A400C0A7EB /* SceneDelegate.swift in Sources */ = {isa = PBXBuildFile; fileRef = F766CDD124D058A400C0A7EB /* SceneDelegate.swift */; };
		F766CDD424D058A400C0A7EB /* ContentView.swift in Sources */ = {isa = PBXBuildFile; fileRef = F766CDD324D058A400C0A7EB /* ContentView.swift */; };
		F766CDD624D058A500C0A7EB /* Assets.xcassets in Resources */ = {isa = PBXBuildFile; fileRef = F766CDD524D058A500C0A7EB /* Assets.xcassets */; };
		F766CDD924D058A500C0A7EB /* Preview Assets.xcassets in Resources */ = {isa = PBXBuildFile; fileRef = F766CDD824D058A500C0A7EB /* Preview Assets.xcassets */; };
		F766CDDC24D058A500C0A7EB /* LaunchScreen.storyboard in Resources */ = {isa = PBXBuildFile; fileRef = F766CDDA24D058A500C0A7EB /* LaunchScreen.storyboard */; };
		F7BDD69224BA0BFF00FF7BBD /* AppDelegate.swift in Sources */ = {isa = PBXBuildFile; fileRef = F7BDD69124BA0BFF00FF7BBD /* AppDelegate.swift */; };
		F7BDD69424BA0BFF00FF7BBD /* SceneDelegate.swift in Sources */ = {isa = PBXBuildFile; fileRef = F7BDD69324BA0BFF00FF7BBD /* SceneDelegate.swift */; };
		F7BDD69624BA0BFF00FF7BBD /* ContentView.swift in Sources */ = {isa = PBXBuildFile; fileRef = F7BDD69524BA0BFF00FF7BBD /* ContentView.swift */; };
		F7BDD69824BA0C0000FF7BBD /* Assets.xcassets in Resources */ = {isa = PBXBuildFile; fileRef = F7BDD69724BA0C0000FF7BBD /* Assets.xcassets */; };
		F7BDD69B24BA0C0000FF7BBD /* Preview Assets.xcassets in Resources */ = {isa = PBXBuildFile; fileRef = F7BDD69A24BA0C0000FF7BBD /* Preview Assets.xcassets */; };
		F7BDD69E24BA0C0000FF7BBD /* LaunchScreen.storyboard in Resources */ = {isa = PBXBuildFile; fileRef = F7BDD69C24BA0C0000FF7BBD /* LaunchScreen.storyboard */; };
		F7BDD6A624BAA4D600FF7BBD /* CircleImage.swift in Sources */ = {isa = PBXBuildFile; fileRef = F7BDD6A524BAA4D600FF7BBD /* CircleImage.swift */; };
		F7BDD6A824BAADD900FF7BBD /* MapView.swift in Sources */ = {isa = PBXBuildFile; fileRef = F7BDD6A724BAADD900FF7BBD /* MapView.swift */; };
		F7BDD6B024BAB32C00FF7BBD /* AppDelegate.swift in Sources */ = {isa = PBXBuildFile; fileRef = F7BDD6AF24BAB32C00FF7BBD /* AppDelegate.swift */; };
		F7BDD6B224BAB32C00FF7BBD /* SceneDelegate.swift in Sources */ = {isa = PBXBuildFile; fileRef = F7BDD6B124BAB32C00FF7BBD /* SceneDelegate.swift */; };
		F7BDD6B624BAB32C00FF7BBD /* Assets.xcassets in Resources */ = {isa = PBXBuildFile; fileRef = F7BDD6B524BAB32C00FF7BBD /* Assets.xcassets */; };
		F7BDD6B924BAB32C00FF7BBD /* Preview Assets.xcassets in Resources */ = {isa = PBXBuildFile; fileRef = F7BDD6B824BAB32C00FF7BBD /* Preview Assets.xcassets */; };
		F7BDD6BC24BAB32C00FF7BBD /* LaunchScreen.storyboard in Resources */ = {isa = PBXBuildFile; fileRef = F7BDD6BA24BAB32C00FF7BBD /* LaunchScreen.storyboard */; };
		F7BDD6C224BAB37300FF7BBD /* AnimationView.swift in Sources */ = {isa = PBXBuildFile; fileRef = F7BDD6C124BAB37300FF7BBD /* AnimationView.swift */; };
/* End PBXBuildFile section */

/* Begin PBXFileReference section */
		F766CDCD24D058A400C0A7EB /* SwiftUIBJLearning.app */ = {isa = PBXFileReference; explicitFileType = wrapper.application; includeInIndex = 0; path = SwiftUIBJLearning.app; sourceTree = BUILT_PRODUCTS_DIR; };
		F766CDCF24D058A400C0A7EB /* AppDelegate.swift */ = {isa = PBXFileReference; lastKnownFileType = sourcecode.swift; path = AppDelegate.swift; sourceTree = "<group>"; };
		F766CDD124D058A400C0A7EB /* SceneDelegate.swift */ = {isa = PBXFileReference; lastKnownFileType = sourcecode.swift; path = SceneDelegate.swift; sourceTree = "<group>"; };
		F766CDD324D058A400C0A7EB /* ContentView.swift */ = {isa = PBXFileReference; lastKnownFileType = sourcecode.swift; path = ContentView.swift; sourceTree = "<group>"; };
		F766CDD524D058A500C0A7EB /* Assets.xcassets */ = {isa = PBXFileReference; lastKnownFileType = folder.assetcatalog; path = Assets.xcassets; sourceTree = "<group>"; };
		F766CDD824D058A500C0A7EB /* Preview Assets.xcassets */ = {isa = PBXFileReference; lastKnownFileType = folder.assetcatalog; path = "Preview Assets.xcassets"; sourceTree = "<group>"; };
		F766CDDB24D058A500C0A7EB /* Base */ = {isa = PBXFileReference; lastKnownFileType = file.storyboard; name = Base; path = Base.lproj/LaunchScreen.storyboard; sourceTree = "<group>"; };
		F766CDDD24D058A500C0A7EB /* Info.plist */ = {isa = PBXFileReference; lastKnownFileType = text.plist.xml; path = Info.plist; sourceTree = "<group>"; };
		F7BDD68E24BA0BFF00FF7BBD /* SwiftUILearning.app */ = {isa = PBXFileReference; explicitFileType = wrapper.application; includeInIndex = 0; path = SwiftUILearning.app; sourceTree = BUILT_PRODUCTS_DIR; };
		F7BDD69124BA0BFF00FF7BBD /* AppDelegate.swift */ = {isa = PBXFileReference; lastKnownFileType = sourcecode.swift; path = AppDelegate.swift; sourceTree = "<group>"; };
		F7BDD69324BA0BFF00FF7BBD /* SceneDelegate.swift */ = {isa = PBXFileReference; lastKnownFileType = sourcecode.swift; path = SceneDelegate.swift; sourceTree = "<group>"; };
		F7BDD69524BA0BFF00FF7BBD /* ContentView.swift */ = {isa = PBXFileReference; lastKnownFileType = sourcecode.swift; path = ContentView.swift; sourceTree = "<group>"; };
		F7BDD69724BA0C0000FF7BBD /* Assets.xcassets */ = {isa = PBXFileReference; lastKnownFileType = folder.assetcatalog; path = Assets.xcassets; sourceTree = "<group>"; };
		F7BDD69A24BA0C0000FF7BBD /* Preview Assets.xcassets */ = {isa = PBXFileReference; lastKnownFileType = folder.assetcatalog; path = "Preview Assets.xcassets"; sourceTree = "<group>"; };
		F7BDD69D24BA0C0000FF7BBD /* Base */ = {isa = PBXFileReference; lastKnownFileType = file.storyboard; name = Base; path = Base.lproj/LaunchScreen.storyboard; sourceTree = "<group>"; };
		F7BDD69F24BA0C0000FF7BBD /* Info.plist */ = {isa = PBXFileReference; lastKnownFileType = text.plist.xml; path = Info.plist; sourceTree = "<group>"; };
		F7BDD6A524BAA4D600FF7BBD /* CircleImage.swift */ = {isa = PBXFileReference; lastKnownFileType = sourcecode.swift; path = CircleImage.swift; sourceTree = "<group>"; };
		F7BDD6A724BAADD900FF7BBD /* MapView.swift */ = {isa = PBXFileReference; lastKnownFileType = sourcecode.swift; path = MapView.swift; sourceTree = "<group>"; };
		F7BDD6AD24BAB32C00FF7BBD /* SwiftUIAnimation.app */ = {isa = PBXFileReference; explicitFileType = wrapper.application; includeInIndex = 0; path = SwiftUIAnimation.app; sourceTree = BUILT_PRODUCTS_DIR; };
		F7BDD6AF24BAB32C00FF7BBD /* AppDelegate.swift */ = {isa = PBXFileReference; lastKnownFileType = sourcecode.swift; path = AppDelegate.swift; sourceTree = "<group>"; };
		F7BDD6B124BAB32C00FF7BBD /* SceneDelegate.swift */ = {isa = PBXFileReference; lastKnownFileType = sourcecode.swift; path = SceneDelegate.swift; sourceTree = "<group>"; };
		F7BDD6B524BAB32C00FF7BBD /* Assets.xcassets */ = {isa = PBXFileReference; lastKnownFileType = folder.assetcatalog; path = Assets.xcassets; sourceTree = "<group>"; };
		F7BDD6B824BAB32C00FF7BBD /* Preview Assets.xcassets */ = {isa = PBXFileReference; lastKnownFileType = folder.assetcatalog; path = "Preview Assets.xcassets"; sourceTree = "<group>"; };
		F7BDD6BB24BAB32C00FF7BBD /* Base */ = {isa = PBXFileReference; lastKnownFileType = file.storyboard; name = Base; path = Base.lproj/LaunchScreen.storyboard; sourceTree = "<group>"; };
		F7BDD6BD24BAB32C00FF7BBD /* Info.plist */ = {isa = PBXFileReference; lastKnownFileType = text.plist.xml; path = Info.plist; sourceTree = "<group>"; };
		F7BDD6C124BAB37300FF7BBD /* AnimationView.swift */ = {isa = PBXFileReference; lastKnownFileType = sourcecode.swift; path = AnimationView.swift; sourceTree = "<group>"; };
/* End PBXFileReference section */

/* Begin PBXFrameworksBuildPhase section */
		F766CDCA24D058A400C0A7EB /* Frameworks */ = {
			isa = PBXFrameworksBuildPhase;
			buildActionMask = 2147483647;
			files = (
			);
			runOnlyForDeploymentPostprocessing = 0;
		};
		F7BDD68B24BA0BFF00FF7BBD /* Frameworks */ = {
			isa = PBXFrameworksBuildPhase;
			buildActionMask = 2147483647;
			files = (
			);
			runOnlyForDeploymentPostprocessing = 0;
		};
		F7BDD6AA24BAB32C00FF7BBD /* Frameworks */ = {
			isa = PBXFrameworksBuildPhase;
			buildActionMask = 2147483647;
			files = (
			);
			runOnlyForDeploymentPostprocessing = 0;
		};
/* End PBXFrameworksBuildPhase section */

/* Begin PBXGroup section */
		F766CDCE24D058A400C0A7EB /* SwiftUIBJLearning */ = {
			isa = PBXGroup;
			children = (
				F766CDCF24D058A400C0A7EB /* AppDelegate.swift */,
				F766CDD124D058A400C0A7EB /* SceneDelegate.swift */,
				F766CDD324D058A400C0A7EB /* ContentView.swift */,
				F766CDD524D058A500C0A7EB /* Assets.xcassets */,
				F766CDDA24D058A500C0A7EB /* LaunchScreen.storyboard */,
				F766CDDD24D058A500C0A7EB /* Info.plist */,
				F766CDD724D058A500C0A7EB /* Preview Content */,
			);
			path = SwiftUIBJLearning;
			sourceTree = "<group>";
		};
		F766CDD724D058A500C0A7EB /* Preview Content */ = {
			isa = PBXGroup;
			children = (
				F766CDD824D058A500C0A7EB /* Preview Assets.xcassets */,
			);
			path = "Preview Content";
			sourceTree = "<group>";
		};
		F7BDD68524BA0BFF00FF7BBD = {
			isa = PBXGroup;
			children = (
				F7BDD69024BA0BFF00FF7BBD /* SwiftUILearning */,
				F7BDD6AE24BAB32C00FF7BBD /* SwiftUIAnimation */,
				F766CDCE24D058A400C0A7EB /* SwiftUIBJLearning */,
				F7BDD68F24BA0BFF00FF7BBD /* Products */,
			);
			sourceTree = "<group>";
		};
		F7BDD68F24BA0BFF00FF7BBD /* Products */ = {
			isa = PBXGroup;
			children = (
				F7BDD68E24BA0BFF00FF7BBD /* SwiftUILearning.app */,
				F7BDD6AD24BAB32C00FF7BBD /* SwiftUIAnimation.app */,
				F766CDCD24D058A400C0A7EB /* SwiftUIBJLearning.app */,
			);
			name = Products;
			sourceTree = "<group>";
		};
		F7BDD69024BA0BFF00FF7BBD /* SwiftUILearning */ = {
			isa = PBXGroup;
			children = (
				F7BDD69124BA0BFF00FF7BBD /* AppDelegate.swift */,
				F7BDD69324BA0BFF00FF7BBD /* SceneDelegate.swift */,
				F7BDD69524BA0BFF00FF7BBD /* ContentView.swift */,
				F7BDD6A524BAA4D600FF7BBD /* CircleImage.swift */,
				F7BDD6A724BAADD900FF7BBD /* MapView.swift */,
				F7BDD69724BA0C0000FF7BBD /* Assets.xcassets */,
				F7BDD69C24BA0C0000FF7BBD /* LaunchScreen.storyboard */,
				F7BDD69F24BA0C0000FF7BBD /* Info.plist */,
				F7BDD69924BA0C0000FF7BBD /* Preview Content */,
			);
			path = SwiftUILearning;
			sourceTree = "<group>";
		};
		F7BDD69924BA0C0000FF7BBD /* Preview Content */ = {
			isa = PBXGroup;
			children = (
				F7BDD69A24BA0C0000FF7BBD /* Preview Assets.xcassets */,
			);
			path = "Preview Content";
			sourceTree = "<group>";
		};
		F7BDD6AE24BAB32C00FF7BBD /* SwiftUIAnimation */ = {
			isa = PBXGroup;
			children = (
				F7BDD6AF24BAB32C00FF7BBD /* AppDelegate.swift */,
				F7BDD6B124BAB32C00FF7BBD /* SceneDelegate.swift */,
				F7BDD6C124BAB37300FF7BBD /* AnimationView.swift */,
				F7BDD6B524BAB32C00FF7BBD /* Assets.xcassets */,
				F7BDD6BA24BAB32C00FF7BBD /* LaunchScreen.storyboard */,
				F7BDD6BD24BAB32C00FF7BBD /* Info.plist */,
				F7BDD6B724BAB32C00FF7BBD /* Preview Content */,
			);
			path = SwiftUIAnimation;
			sourceTree = "<group>";
		};
		F7BDD6B724BAB32C00FF7BBD /* Preview Content */ = {
			isa = PBXGroup;
			children = (
				F7BDD6B824BAB32C00FF7BBD /* Preview Assets.xcassets */,
			);
			path = "Preview Content";
			sourceTree = "<group>";
		};
/* End PBXGroup section */

/* Begin PBXNativeTarget section */
		F766CDCC24D058A400C0A7EB /* SwiftUIBJLearning */ = {
			isa = PBXNativeTarget;
			buildConfigurationList = F766CDE024D058A500C0A7EB /* Build configuration list for PBXNativeTarget "SwiftUIBJLearning" */;
			buildPhases = (
				F766CDC924D058A400C0A7EB /* Sources */,
				F766CDCA24D058A400C0A7EB /* Frameworks */,
				F766CDCB24D058A400C0A7EB /* Resources */,
			);
			buildRules = (
			);
			dependencies = (
			);
			name = SwiftUIBJLearning;
			productName = SwiftUIBJLearning;
			productReference = F766CDCD24D058A400C0A7EB /* SwiftUIBJLearning.app */;
			productType = "com.apple.product-type.application";
		};
		F7BDD68D24BA0BFF00FF7BBD /* SwiftUILearning */ = {
			isa = PBXNativeTarget;
			buildConfigurationList = F7BDD6A224BA0C0000FF7BBD /* Build configuration list for PBXNativeTarget "SwiftUILearning" */;
			buildPhases = (
				F7BDD68A24BA0BFF00FF7BBD /* Sources */,
				F7BDD68B24BA0BFF00FF7BBD /* Frameworks */,
				F7BDD68C24BA0BFF00FF7BBD /* Resources */,
			);
			buildRules = (
			);
			dependencies = (
			);
			name = SwiftUILearning;
			productName = SwiftUILearning;
			productReference = F7BDD68E24BA0BFF00FF7BBD /* SwiftUILearning.app */;
			productType = "com.apple.product-type.application";
		};
		F7BDD6AC24BAB32C00FF7BBD /* SwiftUIAnimation */ = {
			isa = PBXNativeTarget;
			buildConfigurationList = F7BDD6BE24BAB32C00FF7BBD /* Build configuration list for PBXNativeTarget "SwiftUIAnimation" */;
			buildPhases = (
				F7BDD6A924BAB32C00FF7BBD /* Sources */,
				F7BDD6AA24BAB32C00FF7BBD /* Frameworks */,
				F7BDD6AB24BAB32C00FF7BBD /* Resources */,
			);
			buildRules = (
			);
			dependencies = (
			);
			name = SwiftUIAnimation;
			productName = SwiftUIAnimation;
			productReference = F7BDD6AD24BAB32C00FF7BBD /* SwiftUIAnimation.app */;
			productType = "com.apple.product-type.application";
		};
/* End PBXNativeTarget section */

/* Begin PBXProject section */
		F7BDD68624BA0BFF00FF7BBD /* Project object */ = {
			isa = PBXProject;
			attributes = {
				LastSwiftUpdateCheck = 1160;
				LastUpgradeCheck = 1150;
				ORGANIZATIONNAME = ShenYj;
				TargetAttributes = {
					F766CDCC24D058A400C0A7EB = {
						CreatedOnToolsVersion = 11.6;
					};
					F7BDD68D24BA0BFF00FF7BBD = {
						CreatedOnToolsVersion = 11.5;
					};
					F7BDD6AC24BAB32C00FF7BBD = {
						CreatedOnToolsVersion = 11.5;
					};
				};
			};
			buildConfigurationList = F7BDD68924BA0BFF00FF7BBD /* Build configuration list for PBXProject "SwiftUILearning" */;
			compatibilityVersion = "Xcode 9.3";
			developmentRegion = en;
			hasScannedForEncodings = 0;
			knownRegions = (
				en,
				Base,
			);
			mainGroup = F7BDD68524BA0BFF00FF7BBD;
			productRefGroup = F7BDD68F24BA0BFF00FF7BBD /* Products */;
			projectDirPath = "";
			projectRoot = "";
			targets = (
				F7BDD68D24BA0BFF00FF7BBD /* SwiftUILearning */,
				F7BDD6AC24BAB32C00FF7BBD /* SwiftUIAnimation */,
				F766CDCC24D058A400C0A7EB /* SwiftUIBJLearning */,
			);
		};
/* End PBXProject section */

/* Begin PBXResourcesBuildPhase section */
		F766CDCB24D058A400C0A7EB /* Resources */ = {
			isa = PBXResourcesBuildPhase;
			buildActionMask = 2147483647;
			files = (
				F766CDDC24D058A500C0A7EB /* LaunchScreen.storyboard in Resources */,
				F766CDD924D058A500C0A7EB /* Preview Assets.xcassets in Resources */,
				F766CDD624D058A500C0A7EB /* Assets.xcassets in Resources */,
			);
			runOnlyForDeploymentPostprocessing = 0;
		};
		F7BDD68C24BA0BFF00FF7BBD /* Resources */ = {
			isa = PBXResourcesBuildPhase;
			buildActionMask = 2147483647;
			files = (
				F7BDD69E24BA0C0000FF7BBD /* LaunchScreen.storyboard in Resources */,
				F7BDD69B24BA0C0000FF7BBD /* Preview Assets.xcassets in Resources */,
				F7BDD69824BA0C0000FF7BBD /* Assets.xcassets in Resources */,
			);
			runOnlyForDeploymentPostprocessing = 0;
		};
		F7BDD6AB24BAB32C00FF7BBD /* Resources */ = {
			isa = PBXResourcesBuildPhase;
			buildActionMask = 2147483647;
			files = (
				F7BDD6BC24BAB32C00FF7BBD /* LaunchScreen.storyboard in Resources */,
				F7BDD6B924BAB32C00FF7BBD /* Preview Assets.xcassets in Resources */,
				F7BDD6B624BAB32C00FF7BBD /* Assets.xcassets in Resources */,
			);
			runOnlyForDeploymentPostprocessing = 0;
		};
/* End PBXResourcesBuildPhase section */

/* Begin PBXSourcesBuildPhase section */
		F766CDC924D058A400C0A7EB /* Sources */ = {
			isa = PBXSourcesBuildPhase;
			buildActionMask = 2147483647;
			files = (
				F766CDD024D058A400C0A7EB /* AppDelegate.swift in Sources */,
				F766CDD224D058A400C0A7EB /* SceneDelegate.swift in Sources */,
				F766CDD424D058A400C0A7EB /* ContentView.swift in Sources */,
			);
			runOnlyForDeploymentPostprocessing = 0;
		};
		F7BDD68A24BA0BFF00FF7BBD /* Sources */ = {
			isa = PBXSourcesBuildPhase;
			buildActionMask = 2147483647;
			files = (
				F7BDD69224BA0BFF00FF7BBD /* AppDelegate.swift in Sources */,
				F7BDD6A624BAA4D600FF7BBD /* CircleImage.swift in Sources */,
				F7BDD6A824BAADD900FF7BBD /* MapView.swift in Sources */,
				F7BDD69424BA0BFF00FF7BBD /* SceneDelegate.swift in Sources */,
				F7BDD69624BA0BFF00FF7BBD /* ContentView.swift in Sources */,
			);
			runOnlyForDeploymentPostprocessing = 0;
		};
		F7BDD6A924BAB32C00FF7BBD /* Sources */ = {
			isa = PBXSourcesBuildPhase;
			buildActionMask = 2147483647;
			files = (
				F7BDD6B024BAB32C00FF7BBD /* AppDelegate.swift in Sources */,
				F7BDD6C224BAB37300FF7BBD /* AnimationView.swift in Sources */,
				F7BDD6B224BAB32C00FF7BBD /* SceneDelegate.swift in Sources */,
			);
			runOnlyForDeploymentPostprocessing = 0;
		};
/* End PBXSourcesBuildPhase section */

/* Begin PBXVariantGroup section */
		F766CDDA24D058A500C0A7EB /* LaunchScreen.storyboard */ = {
			isa = PBXVariantGroup;
			children = (
				F766CDDB24D058A500C0A7EB /* Base */,
			);
			name = LaunchScreen.storyboard;
			sourceTree = "<group>";
		};
		F7BDD69C24BA0C0000FF7BBD /* LaunchScreen.storyboard */ = {
			isa = PBXVariantGroup;
			children = (
				F7BDD69D24BA0C0000FF7BBD /* Base */,
			);
			name = LaunchScreen.storyboard;
			sourceTree = "<group>";
		};
		F7BDD6BA24BAB32C00FF7BBD /* LaunchScreen.storyboard */ = {
			isa = PBXVariantGroup;
			children = (
				F7BDD6BB24BAB32C00FF7BBD /* Base */,
			);
			name = LaunchScreen.storyboard;
			sourceTree = "<group>";
		};
/* End PBXVariantGroup section */

/* Begin XCBuildConfiguration section */
		F766CDDE24D058A500C0A7EB /* Debug */ = {
			isa = XCBuildConfiguration;
			buildSettings = {
				ASSETCATALOG_COMPILER_APPICON_NAME = AppIcon;
				CODE_SIGN_STYLE = Automatic;
				DEVELOPMENT_ASSET_PATHS = "\"SwiftUIBJLearning/Preview Content\"";
				DEVELOPMENT_TEAM = KS5QTFAS57;
				ENABLE_PREVIEWS = YES;
				INFOPLIST_FILE = SwiftUIBJLearning/Info.plist;
				IPHONEOS_DEPLOYMENT_TARGET = 13.6;
				LD_RUNPATH_SEARCH_PATHS = (
					"$(inherited)",
					"@executable_path/Frameworks",
				);
				PRODUCT_BUNDLE_IDENTIFIER = "cn.ShenYj.-SwiftUI.BJLearning.SwiftUIBJLearning";
				PRODUCT_NAME = "$(TARGET_NAME)";
				SWIFT_VERSION = 5.0;
				TARGETED_DEVICE_FAMILY = "1,2";
			};
			name = Debug;
		};
		F766CDDF24D058A500C0A7EB /* Release */ = {
			isa = XCBuildConfiguration;
			buildSettings = {
				ASSETCATALOG_COMPILER_APPICON_NAME = AppIcon;
				CODE_SIGN_STYLE = Automatic;
				DEVELOPMENT_ASSET_PATHS = "\"SwiftUIBJLearning/Preview Content\"";
				DEVELOPMENT_TEAM = KS5QTFAS57;
				ENABLE_PREVIEWS = YES;
				INFOPLIST_FILE = SwiftUIBJLearning/Info.plist;
				IPHONEOS_DEPLOYMENT_TARGET = 13.6;
				LD_RUNPATH_SEARCH_PATHS = (
					"$(inherited)",
					"@executable_path/Frameworks",
				);
				PRODUCT_BUNDLE_IDENTIFIER = "cn.ShenYj.-SwiftUI.BJLearning.SwiftUIBJLearning";
				PRODUCT_NAME = "$(TARGET_NAME)";
				SWIFT_VERSION = 5.0;
				TARGETED_DEVICE_FAMILY = "1,2";
			};
			name = Release;
		};
		F7BDD6A024BA0C0000FF7BBD /* Debug */ = {
			isa = XCBuildConfiguration;
			buildSettings = {
				ALWAYS_SEARCH_USER_PATHS = NO;
				CLANG_ANALYZER_NONNULL = YES;
				CLANG_ANALYZER_NUMBER_OBJECT_CONVERSION = YES_AGGRESSIVE;
				CLANG_CXX_LANGUAGE_STANDARD = "gnu++14";
				CLANG_CXX_LIBRARY = "libc++";
				CLANG_ENABLE_MODULES = YES;
				CLANG_ENABLE_OBJC_ARC = YES;
				CLANG_ENABLE_OBJC_WEAK = YES;
				CLANG_WARN_BLOCK_CAPTURE_AUTORELEASING = YES;
				CLANG_WARN_BOOL_CONVERSION = YES;
				CLANG_WARN_COMMA = YES;
				CLANG_WARN_CONSTANT_CONVERSION = YES;
				CLANG_WARN_DEPRECATED_OBJC_IMPLEMENTATIONS = YES;
				CLANG_WARN_DIRECT_OBJC_ISA_USAGE = YES_ERROR;
				CLANG_WARN_DOCUMENTATION_COMMENTS = YES;
				CLANG_WARN_EMPTY_BODY = YES;
				CLANG_WARN_ENUM_CONVERSION = YES;
				CLANG_WARN_INFINITE_RECURSION = YES;
				CLANG_WARN_INT_CONVERSION = YES;
				CLANG_WARN_NON_LITERAL_NULL_CONVERSION = YES;
				CLANG_WARN_OBJC_IMPLICIT_RETAIN_SELF = YES;
				CLANG_WARN_OBJC_LITERAL_CONVERSION = YES;
				CLANG_WARN_OBJC_ROOT_CLASS = YES_ERROR;
				CLANG_WARN_RANGE_LOOP_ANALYSIS = YES;
				CLANG_WARN_STRICT_PROTOTYPES = YES;
				CLANG_WARN_SUSPICIOUS_MOVE = YES;
				CLANG_WARN_UNGUARDED_AVAILABILITY = YES_AGGRESSIVE;
				CLANG_WARN_UNREACHABLE_CODE = YES;
				CLANG_WARN__DUPLICATE_METHOD_MATCH = YES;
				COPY_PHASE_STRIP = NO;
				DEBUG_INFORMATION_FORMAT = dwarf;
				ENABLE_STRICT_OBJC_MSGSEND = YES;
				ENABLE_TESTABILITY = YES;
				GCC_C_LANGUAGE_STANDARD = gnu11;
				GCC_DYNAMIC_NO_PIC = NO;
				GCC_NO_COMMON_BLOCKS = YES;
				GCC_OPTIMIZATION_LEVEL = 0;
				GCC_PREPROCESSOR_DEFINITIONS = (
					"DEBUG=1",
					"$(inherited)",
				);
				GCC_WARN_64_TO_32_BIT_CONVERSION = YES;
				GCC_WARN_ABOUT_RETURN_TYPE = YES_ERROR;
				GCC_WARN_UNDECLARED_SELECTOR = YES;
				GCC_WARN_UNINITIALIZED_AUTOS = YES_AGGRESSIVE;
				GCC_WARN_UNUSED_FUNCTION = YES;
				GCC_WARN_UNUSED_VARIABLE = YES;
				IPHONEOS_DEPLOYMENT_TARGET = 13.5;
				MTL_ENABLE_DEBUG_INFO = INCLUDE_SOURCE;
				MTL_FAST_MATH = YES;
				ONLY_ACTIVE_ARCH = YES;
				SDKROOT = iphoneos;
				SWIFT_ACTIVE_COMPILATION_CONDITIONS = DEBUG;
				SWIFT_OPTIMIZATION_LEVEL = "-Onone";
			};
			name = Debug;
		};
		F7BDD6A124BA0C0000FF7BBD /* Release */ = {
			isa = XCBuildConfiguration;
			buildSettings = {
				ALWAYS_SEARCH_USER_PATHS = NO;
				CLANG_ANALYZER_NONNULL = YES;
				CLANG_ANALYZER_NUMBER_OBJECT_CONVERSION = YES_AGGRESSIVE;
				CLANG_CXX_LANGUAGE_STANDARD = "gnu++14";
				CLANG_CXX_LIBRARY = "libc++";
				CLANG_ENABLE_MODULES = YES;
				CLANG_ENABLE_OBJC_ARC = YES;
				CLANG_ENABLE_OBJC_WEAK = YES;
				CLANG_WARN_BLOCK_CAPTURE_AUTORELEASING = YES;
				CLANG_WARN_BOOL_CONVERSION = YES;
				CLANG_WARN_COMMA = YES;
				CLANG_WARN_CONSTANT_CONVERSION = YES;
				CLANG_WARN_DEPRECATED_OBJC_IMPLEMENTATIONS = YES;
				CLANG_WARN_DIRECT_OBJC_ISA_USAGE = YES_ERROR;
				CLANG_WARN_DOCUMENTATION_COMMENTS = YES;
				CLANG_WARN_EMPTY_BODY = YES;
				CLANG_WARN_ENUM_CONVERSION = YES;
				CLANG_WARN_INFINITE_RECURSION = YES;
				CLANG_WARN_INT_CONVERSION = YES;
				CLANG_WARN_NON_LITERAL_NULL_CONVERSION = YES;
				CLANG_WARN_OBJC_IMPLICIT_RETAIN_SELF = YES;
				CLANG_WARN_OBJC_LITERAL_CONVERSION = YES;
				CLANG_WARN_OBJC_ROOT_CLASS = YES_ERROR;
				CLANG_WARN_RANGE_LOOP_ANALYSIS = YES;
				CLANG_WARN_STRICT_PROTOTYPES = YES;
				CLANG_WARN_SUSPICIOUS_MOVE = YES;
				CLANG_WARN_UNGUARDED_AVAILABILITY = YES_AGGRESSIVE;
				CLANG_WARN_UNREACHABLE_CODE = YES;
				CLANG_WARN__DUPLICATE_METHOD_MATCH = YES;
				COPY_PHASE_STRIP = NO;
				DEBUG_INFORMATION_FORMAT = "dwarf-with-dsym";
				ENABLE_NS_ASSERTIONS = NO;
				ENABLE_STRICT_OBJC_MSGSEND = YES;
				GCC_C_LANGUAGE_STANDARD = gnu11;
				GCC_NO_COMMON_BLOCKS = YES;
				GCC_WARN_64_TO_32_BIT_CONVERSION = YES;
				GCC_WARN_ABOUT_RETURN_TYPE = YES_ERROR;
				GCC_WARN_UNDECLARED_SELECTOR = YES;
				GCC_WARN_UNINITIALIZED_AUTOS = YES_AGGRESSIVE;
				GCC_WARN_UNUSED_FUNCTION = YES;
				GCC_WARN_UNUSED_VARIABLE = YES;
				IPHONEOS_DEPLOYMENT_TARGET = 13.5;
				MTL_ENABLE_DEBUG_INFO = NO;
				MTL_FAST_MATH = YES;
				SDKROOT = iphoneos;
				SWIFT_COMPILATION_MODE = wholemodule;
				SWIFT_OPTIMIZATION_LEVEL = "-O";
				VALIDATE_PRODUCT = YES;
			};
			name = Release;
		};
		F7BDD6A324BA0C0000FF7BBD /* Debug */ = {
			isa = XCBuildConfiguration;
			buildSettings = {
				ASSETCATALOG_COMPILER_APPICON_NAME = AppIcon;
				CODE_SIGN_STYLE = Automatic;
				DEVELOPMENT_ASSET_PATHS = "\"SwiftUILearning/Preview Content\"";
				DEVELOPMENT_TEAM = KS5QTFAS57;
				ENABLE_PREVIEWS = YES;
				INFOPLIST_FILE = SwiftUILearning/Info.plist;
				IPHONEOS_DEPLOYMENT_TARGET = 13.0;
				LD_RUNPATH_SEARCH_PATHS = (
					"$(inherited)",
					"@executable_path/Frameworks",
				);
				PRODUCT_BUNDLE_IDENTIFIER = cn.ShenYj.SwiftUI.Learning.SwiftUILearning;
				PRODUCT_NAME = "$(TARGET_NAME)";
				SWIFT_VERSION = 5.0;
				TARGETED_DEVICE_FAMILY = "1,2";
			};
			name = Debug;
		};
		F7BDD6A424BA0C0000FF7BBD /* Release */ = {
			isa = XCBuildConfiguration;
			buildSettings = {
				ASSETCATALOG_COMPILER_APPICON_NAME = AppIcon;
				CODE_SIGN_STYLE = Automatic;
				DEVELOPMENT_ASSET_PATHS = "\"SwiftUILearning/Preview Content\"";
				DEVELOPMENT_TEAM = KS5QTFAS57;
				ENABLE_PREVIEWS = YES;
				INFOPLIST_FILE = SwiftUILearning/Info.plist;
				IPHONEOS_DEPLOYMENT_TARGET = 13.0;
				LD_RUNPATH_SEARCH_PATHS = (
					"$(inherited)",
					"@executable_path/Frameworks",
				);
				PRODUCT_BUNDLE_IDENTIFIER = cn.ShenYj.SwiftUI.Learning.SwiftUILearning;
				PRODUCT_NAME = "$(TARGET_NAME)";
				SWIFT_VERSION = 5.0;
				TARGETED_DEVICE_FAMILY = "1,2";
			};
			name = Release;
		};
		F7BDD6BF24BAB32C00FF7BBD /* Debug */ = {
			isa = XCBuildConfiguration;
			buildSettings = {
				ASSETCATALOG_COMPILER_APPICON_NAME = AppIcon;
				CODE_SIGN_STYLE = Automatic;
				DEVELOPMENT_ASSET_PATHS = "\"SwiftUIAnimation/Preview Content\"";
				DEVELOPMENT_TEAM = KS5QTFAS57;
				ENABLE_PREVIEWS = YES;
				INFOPLIST_FILE = SwiftUIAnimation/Info.plist;
				LD_RUNPATH_SEARCH_PATHS = (
					"$(inherited)",
					"@executable_path/Frameworks",
				);
				PRODUCT_BUNDLE_IDENTIFIER = cn.ShenYj.SwiftUI.Learning.SwiftUIAnimation;
				PRODUCT_NAME = "$(TARGET_NAME)";
				SWIFT_VERSION = 5.0;
				TARGETED_DEVICE_FAMILY = "1,2";
			};
			name = Debug;
		};
		F7BDD6C024BAB32C00FF7BBD /* Release */ = {
			isa = XCBuildConfiguration;
			buildSettings = {
				ASSETCATALOG_COMPILER_APPICON_NAME = AppIcon;
				CODE_SIGN_STYLE = Automatic;
				DEVELOPMENT_ASSET_PATHS = "\"SwiftUIAnimation/Preview Content\"";
				DEVELOPMENT_TEAM = KS5QTFAS57;
				ENABLE_PREVIEWS = YES;
				INFOPLIST_FILE = SwiftUIAnimation/Info.plist;
				LD_RUNPATH_SEARCH_PATHS = (
					"$(inherited)",
					"@executable_path/Frameworks",
				);
				PRODUCT_BUNDLE_IDENTIFIER = cn.ShenYj.SwiftUI.Learning.SwiftUIAnimation;
				PRODUCT_NAME = "$(TARGET_NAME)";
				SWIFT_VERSION = 5.0;
				TARGETED_DEVICE_FAMILY = "1,2";
			};
			name = Release;
		};
/* End XCBuildConfiguration section */

/* Begin XCConfigurationList section */
		F766CDE024D058A500C0A7EB /* Build configuration list for PBXNativeTarget "SwiftUIBJLearning" */ = {
			isa = XCConfigurationList;
			buildConfigurations = (
				F766CDDE24D058A500C0A7EB /* Debug */,
				F766CDDF24D058A500C0A7EB /* Release */,
			);
			defaultConfigurationIsVisible = 0;
			defaultConfigurationName = Release;
		};
		F7BDD68924BA0BFF00FF7BBD /* Build configuration list for PBXProject "SwiftUILearning" */ = {
			isa = XCConfigurationList;
			buildConfigurations = (
				F7BDD6A024BA0C0000FF7BBD /* Debug */,
				F7BDD6A124BA0C0000FF7BBD /* Release */,
			);
			defaultConfigurationIsVisible = 0;
			defaultConfigurationName = Release;
		};
		F7BDD6A224BA0C0000FF7BBD /* Build configuration list for PBXNativeTarget "SwiftUILearning" */ = {
			isa = XCConfigurationList;
			buildConfigurations = (
				F7BDD6A324BA0C0000FF7BBD /* Debug */,
				F7BDD6A424BA0C0000FF7BBD /* Release */,
			);
			defaultConfigurationIsVisible = 0;
			defaultConfigurationName = Release;
		};
		F7BDD6BE24BAB32C00FF7BBD /* Build configuration list for PBXNativeTarget "SwiftUIAnimation" */ = {
			isa = XCConfigurationList;
			buildConfigurations = (
				F7BDD6BF24BAB32C00FF7BBD /* Debug */,
				F7BDD6C024BAB32C00FF7BBD /* Release */,
			);
			defaultConfigurationIsVisible = 0;
			defaultConfigurationName = Release;
		};
/* End XCConfigurationList section */
	};
	rootObject = F7BDD68624BA0BFF00FF7BBD /* Project object */;
}
